{
  "name": "knowpedia",
  "lockfileVersion": 3,
  "requires": true,
  "packages": {
    "": {
      "name": "knowpedia",
      "license": "MIT",
      "devDependencies": {
        "oipage": "^1.4.1"
      }
    },
    "node_modules/eval-express": {
      "version": "0.1.1",
      "resolved": "https://registry.npmjs.org/eval-express/-/eval-express-0.1.1.tgz",
      "integrity": "sha512-feWveHpKFzjPQNGhJ3nRncekU9/EwmEbrMn+0Ubl2o7i9M+/2ioB6bgHQ/jaqzUOE+nA4WFTZlO5tBJ3t/AuVA==",
      "dev": true,
      "license": "MIT"
    },
    "node_modules/oipage": {
      "version": "1.4.1",
      "resolved": "https://registry.npmjs.org/oipage/-/oipage-1.4.1.tgz",
      "integrity": "sha512-ed2147dQ47SBQVhffJB3dg4kiK3FvL6Fmmq8qeinFlZOVu0gYjvybNZABklA79GcG+jJ6qZXl0IVZQCaiHsrkw==",
      "dev": true,
      "license": "MIT",
      "dependencies": {
        "vislite": "^1.4.0",
        "xhtml-to-json": "^0.1.0",
        "zipaper": "^0.2.0"
      },
      "bin": {
        "oipage-cli": "bin/run"
      }
    },
    "node_modules/vislite": {
      "version": "1.5.0",
      "resolved": "https://registry.npmjs.org/vislite/-/vislite-1.5.0.tgz",
      "integrity": "sha512-XTqL5e6tC3+6op22gaWswSBjmx5y6zBN8X4BVCvwXjNvOKSIVAdeSU4OJlF0o9f0u2Dy14tEp7ankDF9G5REFA==",
      "dev": true,
      "license": "MIT",
      "dependencies": {
        "oipage": "^1.3.0"
      }
    },
    "node_modules/xhtml-to-json": {
      "version": "0.1.0",
      "resolved": "https://registry.npmjs.org/xhtml-to-json/-/xhtml-to-json-0.1.0.tgz",
      "integrity": "sha512-mKVH/Tsm6xfvyxixqjqIYlT9kZvoPHwy99w4B1Jp62Trd1GvhMHyJEOKTpFFzyg26LFbIP42QEltAAvqhsTCng==",
      "dev": true,
      "license": "MIT"
    },
    "node_modules/zipaper": {
      "version": "0.2.0",
      "resolved": "https://registry.npmjs.org/zipaper/-/zipaper-0.2.0.tgz",
      "integrity": "sha512-7JRLqKF+E8npULFJcjWAYGzNT+opqfFgLnH1VUjoFpeDyVZAePJI/P0TvS/SRqM+h7iNige1lW07i2vfQiCf4A==",
      "dev": true,
      "license": "MIT",
      "dependencies": {
        "eval-express": "^0.1.1",
        "oipage": "^1.2.1",
        "vislite": "^1.3.0"
      }
    }
  }
}
